
Microsoft Visual Studio Solution File, Format Version 12.00
# Visual Studio 15
VisualStudioVersion = 15.0.26730.12
MinimumVisualStudioVersion = 10.0.40219.1
Project("{FAE04EC0-301F-11D3-BF4B-00C04F79EFBC}") = "SpaceStorium", "SpaceStorium.csproj", "{1DFDF1AC-634A-4CD0-AAB9-A3A4F0CA8684}"
EndProject
Global
	GlobalSection(SolutionConfigurationPlatforms) = preSolution
		Debug|Any CPU = Debug|Any CPU
		Release|Any CPU = Release|Any CPU
	EndGlobalSection
	GlobalSection(ProjectConfigurationPlatforms) = postSolution
		{1DFDF1AC-634A-4CD0-AAB9-A3A4F0CA8684}.Debug|Any CPU.ActiveCfg = Debug|Any CPU
		{1DFDF1AC-634A-4CD0-AAB9-A3A4F0CA8684}.Debug|Any CPU.Build.0 = Debug|Any CPU
		{1DFDF1AC-634A-4CD0-AAB9-A3A4F0CA8684}.Release|Any CPU.ActiveCfg = Release|Any CPU
		{1DFDF1AC-634A-4CD0-AAB9-A3A4F0CA8684}.Release|Any CPU.Build.0 = Release|Any CPU
	EndGlobalSection
	GlobalSection(SolutionProperties) = preSolution
		HideSolutionNode = FALSE
	EndGlobalSection
	GlobalSection(ExtensibilityGlobals) = postSolution
		SolutionGuid = {785E7D10-E5E7-47DC-9FCD-8AAA8560EF23}
	EndGlobalSection
EndGlobal
